
Microsoft Visual Studio Solution File, Format Version 12.00
# Visual Studio Version 17
VisualStudioVersion = 17.4.32916.344
MinimumVisualStudioVersion = 10.0.40219.1
Project("{FAE04EC0-301F-11D3-BF4B-00C04F79EFBC}") = "Quiz", "Quiz.csproj", "{97EB03AC-CF88-4B5F-A83D-B78AB58A98E1}"
EndProject
Global
	GlobalSection(SolutionConfigurationPlatforms) = preSolution
		Debug|Any CPU = Debug|Any CPU
		Release|Any CPU = Release|Any CPU
	EndGlobalSection
	GlobalSection(ProjectConfigurationPlatforms) = postSolution
		{97EB03AC-CF88-4B5F-A83D-B78AB58A98E1}.Debug|Any CPU.ActiveCfg = Debug|Any CPU
		{97EB03AC-CF88-4B5F-A83D-B78AB58A98E1}.Debug|Any CPU.Build.0 = Debug|Any CPU
		{97EB03AC-CF88-4B5F-A83D-B78AB58A98E1}.Release|Any CPU.ActiveCfg = Release|Any CPU
		{97EB03AC-CF88-4B5F-A83D-B78AB58A98E1}.Release|Any CPU.Build.0 = Release|Any CPU
	EndGlobalSection
	GlobalSection(SolutionProperties) = preSolution
		HideSolutionNode = FALSE
	EndGlobalSection
	GlobalSection(ExtensibilityGlobals) = postSolution
		SolutionGuid = {7A039C2E-8D41-4DF9-8145-54F155DE244B}
	EndGlobalSection
EndGlobal
